// !$*UTF8*$!
{
	archiveVersion = 1;
	classes = {
	};
	objectVersion = 50;
	objects = {

/* Begin PBXBuildFile section */
		22B72E8C2524CE44003730E2 /* SettingsView.swift in Sources */ = {isa = PBXBuildFile; fileRef = 22B72E8B2524CE44003730E2 /* SettingsView.swift */; };
		22BFAC6524A297ED00B71C04 /* AstronautView.swift in Sources */ = {isa = PBXBuildFile; fileRef = 22BFAC6424A297ED00B71C04 /* AstronautView.swift */; };
		22C31439249FB9DB00318924 /* AppDelegate.swift in Sources */ = {isa = PBXBuildFile; fileRef = 22C31438249FB9DB00318924 /* AppDelegate.swift */; };
		22C3143B249FB9DB00318924 /* SceneDelegate.swift in Sources */ = {isa = PBXBuildFile; fileRef = 22C3143A249FB9DB00318924 /* SceneDelegate.swift */; };
		22C3143D249FB9DB00318924 /* ContentView.swift in Sources */ = {isa = PBXBuildFile; fileRef = 22C3143C249FB9DB00318924 /* ContentView.swift */; };
		22C3143F249FB9DE00318924 /* Assets.xcassets in Resources */ = {isa = PBXBuildFile; fileRef = 22C3143E249FB9DE00318924 /* Assets.xcassets */; };
		22C31442249FB9DE00318924 /* Preview Assets.xcassets in Resources */ = {isa = PBXBuildFile; fileRef = 22C31441249FB9DE00318924 /* Preview Assets.xcassets */; };
		22C31445249FB9DE00318924 /* LaunchScreen.storyboard in Resources */ = {isa = PBXBuildFile; fileRef = 22C31443249FB9DE00318924 /* LaunchScreen.storyboard */; };
		22D9230124A20D7700314ECB /* astronauts.json in Resources */ = {isa = PBXBuildFile; fileRef = 22D922A724A20D7600314ECB /* astronauts.json */; };
		22D9230224A20D7700314ECB /* missions.json in Resources */ = {isa = PBXBuildFile; fileRef = 22D922A824A20D7600314ECB /* missions.json */; };
		22D9230424A20DD300314ECB /* Astronaut.swift in Sources */ = {isa = PBXBuildFile; fileRef = 22D9230324A20DD300314ECB /* Astronaut.swift */; };
		22D9230624A20F1B00314ECB /* Bundle-Decodable.swift in Sources */ = {isa = PBXBuildFile; fileRef = 22D9230524A20F1B00314ECB /* Bundle-Decodable.swift */; };
		22D9230824A221D100314ECB /* Mission.swift in Sources */ = {isa = PBXBuildFile; fileRef = 22D9230724A221D100314ECB /* Mission.swift */; };
		22D9230A24A242D800314ECB /* MissionView.swift in Sources */ = {isa = PBXBuildFile; fileRef = 22D9230924A242D800314ECB /* MissionView.swift */; };
/* End PBXBuildFile section */

/* Begin PBXFileReference section */
		22B72E8B2524CE44003730E2 /* SettingsView.swift */ = {isa = PBXFileReference; lastKnownFileType = sourcecode.swift; path = SettingsView.swift; sourceTree = "<group>"; };
		22BFAC6424A297ED00B71C04 /* AstronautView.swift */ = {isa = PBXFileReference; lastKnownFileType = sourcecode.swift; path = AstronautView.swift; sourceTree = "<group>"; };
		22C31435249FB9DB00318924 /* Moonshot_2.app */ = {isa = PBXFileReference; explicitFileType = wrapper.application; includeInIndex = 0; path = Moonshot_2.app; sourceTree = BUILT_PRODUCTS_DIR; };
		22C31438249FB9DB00318924 /* AppDelegate.swift */ = {isa = PBXFileReference; lastKnownFileType = sourcecode.swift; path = AppDelegate.swift; sourceTree = "<group>"; };
		22C3143A249FB9DB00318924 /* SceneDelegate.swift */ = {isa = PBXFileReference; lastKnownFileType = sourcecode.swift; path = SceneDelegate.swift; sourceTree = "<group>"; };
		22C3143C249FB9DB00318924 /* ContentView.swift */ = {isa = PBXFileReference; lastKnownFileType = sourcecode.swift; path = ContentView.swift; sourceTree = "<group>"; };
		22C3143E249FB9DE00318924 /* Assets.xcassets */ = {isa = PBXFileReference; lastKnownFileType = folder.assetcatalog; path = Assets.xcassets; sourceTree = "<group>"; };
		22C31441249FB9DE00318924 /* Preview Assets.xcassets */ = {isa = PBXFileReference; lastKnownFileType = folder.assetcatalog; path = "Preview Assets.xcassets"; sourceTree = "<group>"; };
		22C31444249FB9DE00318924 /* Base */ = {isa = PBXFileReference; lastKnownFileType = file.storyboard; name = Base; path = Base.lproj/LaunchScreen.storyboard; sourceTree = "<group>"; };
		22C31446249FB9DE00318924 /* Info.plist */ = {isa = PBXFileReference; lastKnownFileType = text.plist.xml; path = Info.plist; sourceTree = "<group>"; };
		22D922A724A20D7600314ECB /* astronauts.json */ = {isa = PBXFileReference; fileEncoding = 4; lastKnownFileType = text.json; path = astronauts.json; sourceTree = "<group>"; };
		22D922A824A20D7600314ECB /* missions.json */ = {isa = PBXFileReference; fileEncoding = 4; lastKnownFileType = text.json; path = missions.json; sourceTree = "<group>"; };
		22D9230324A20DD300314ECB /* Astronaut.swift */ = {isa = PBXFileReference; lastKnownFileType = sourcecode.swift; path = Astronaut.swift; sourceTree = "<group>"; };
		22D9230524A20F1B00314ECB /* Bundle-Decodable.swift */ = {isa = PBXFileReference; lastKnownFileType = sourcecode.swift; path = "Bundle-Decodable.swift"; sourceTree = "<group>"; };
		22D9230724A221D100314ECB /* Mission.swift */ = {isa = PBXFileReference; lastKnownFileType = sourcecode.swift; path = Mission.swift; sourceTree = "<group>"; };
		22D9230924A242D800314ECB /* MissionView.swift */ = {isa = PBXFileReference; lastKnownFileType = sourcecode.swift; path = MissionView.swift; sourceTree = "<group>"; };
/* End PBXFileReference section */

/* Begin PBXFrameworksBuildPhase section */
		22C31432249FB9DB00318924 /* Frameworks */ = {
			isa = PBXFrameworksBuildPhase;
			buildActionMask = 2147483647;
			files = (
			);
			runOnlyForDeploymentPostprocessing = 0;
		};
/* End PBXFrameworksBuildPhase section */

/* Begin PBXGroup section */
		22BFAC6724A298C600B71C04 /* Views */ = {
			isa = PBXGroup;
			children = (
				22D9230924A242D800314ECB /* MissionView.swift */,
				22BFAC6424A297ED00B71C04 /* AstronautView.swift */,
				22C3143C249FB9DB00318924 /* ContentView.swift */,
				22B72E8B2524CE44003730E2 /* SettingsView.swift */,
			);
			path = Views;
			sourceTree = "<group>";
		};
		22C3142C249FB9DA00318924 = {
			isa = PBXGroup;
			children = (
				22C31437249FB9DB00318924 /* Moonshot_2 */,
				22C31436249FB9DB00318924 /* Products */,
			);
			sourceTree = "<group>";
		};
		22C31436249FB9DB00318924 /* Products */ = {
			isa = PBXGroup;
			children = (
				22C31435249FB9DB00318924 /* Moonshot_2.app */,
			);
			name = Products;
			sourceTree = "<group>";
		};
		22C31437249FB9DB00318924 /* Moonshot_2 */ = {
			isa = PBXGroup;
			children = (
				22C3143A249FB9DB00318924 /* SceneDelegate.swift */,
				22C31438249FB9DB00318924 /* AppDelegate.swift */,
				22D9230324A20DD300314ECB /* Astronaut.swift */,
				22D9230724A221D100314ECB /* Mission.swift */,
				22D9230524A20F1B00314ECB /* Bundle-Decodable.swift */,
				22BFAC6724A298C600B71C04 /* Views */,
				22C3143E249FB9DE00318924 /* Assets.xcassets */,
				22C31443249FB9DE00318924 /* LaunchScreen.storyboard */,
				22D922A724A20D7600314ECB /* astronauts.json */,
				22D922A824A20D7600314ECB /* missions.json */,
				22C31446249FB9DE00318924 /* Info.plist */,
				22C31440249FB9DE00318924 /* Preview Content */,
			);
			path = Moonshot_2;
			sourceTree = "<group>";
		};
		22C31440249FB9DE00318924 /* Preview Content */ = {
			isa = PBXGroup;
			children = (
				22C31441249FB9DE00318924 /* Preview Assets.xcassets */,
			);
			path = "Preview Content";
			sourceTree = "<group>";
		};
/* End PBXGroup section */

/* Begin PBXNativeTarget section */
		22C31434249FB9DB00318924 /* Moonshot_2 */ = {
			isa = PBXNativeTarget;
			buildConfigurationList = 22C31449249FB9DE00318924 /* Build configuration list for PBXNativeTarget "Moonshot_2" */;
			buildPhases = (
				22C31431249FB9DB00318924 /* Sources */,
				22C31432249FB9DB00318924 /* Frameworks */,
				22C31433249FB9DB00318924 /* Resources */,
			);
			buildRules = (
			);
			dependencies = (
			);
			name = Moonshot_2;
			productName = Moonshot_2;
			productReference = 22C31435249FB9DB00318924 /* Moonshot_2.app */;
			productType = "com.apple.product-type.application";
		};
/* End PBXNativeTarget section */

/* Begin PBXProject section */
		22C3142D249FB9DA00318924 /* Project object */ = {
			isa = PBXProject;
			attributes = {
				LastSwiftUpdateCheck = 1140;
				LastUpgradeCheck = 1140;
				ORGANIZATIONNAME = "Subhrajyoti Chakraborty";
				TargetAttributes = {
					22C31434249FB9DB00318924 = {
						CreatedOnToolsVersion = 11.4.1;
					};
				};
			};
			buildConfigurationList = 22C31430249FB9DA00318924 /* Build configuration list for PBXProject "Moonshot_2" */;
			compatibilityVersion = "Xcode 9.3";
			developmentRegion = en;
			hasScannedForEncodings = 0;
			knownRegions = (
				en,
				Base,
			);
			mainGroup = 22C3142C249FB9DA00318924;
			productRefGroup = 22C31436249FB9DB00318924 /* Products */;
			projectDirPath = "";
			projectRoot = "";
			targets = (
				22C31434249FB9DB00318924 /* Moonshot_2 */,
			);
		};
/* End PBXProject section */

/* Begin PBXResourcesBuildPhase section */
		22C31433249FB9DB00318924 /* Resources */ = {
			isa = PBXResourcesBuildPhase;
			buildActionMask = 2147483647;
			files = (
				22C31445249FB9DE00318924 /* LaunchScreen.storyboard in Resources */,
				22C31442249FB9DE00318924 /* Preview Assets.xcassets in Resources */,
				22C3143F249FB9DE00318924 /* Assets.xcassets in Resources */,
				22D9230224A20D7700314ECB /* missions.json in Resources */,
				22D9230124A20D7700314ECB /* astronauts.json in Resources */,
			);
			runOnlyForDeploymentPostprocessing = 0;
		};
/* End PBXResourcesBuildPhase section */

/* Begin PBXSourcesBuildPhase section */
		22C31431249FB9DB00318924 /* Sources */ = {
			isa = PBXSourcesBuildPhase;
			buildActionMask = 2147483647;
			files = (
				22D9230A24A242D800314ECB /* MissionView.swift in Sources */,
				22D9230824A221D100314ECB /* Mission.swift in Sources */,
				22BFAC6524A297ED00B71C04 /* AstronautView.swift in Sources */,
				22B72E8C2524CE44003730E2 /* SettingsView.swift in Sources */,
				22C31439249FB9DB00318924 /* AppDelegate.swift in Sources */,
				22C3143B249FB9DB00318924 /* SceneDelegate.swift in Sources */,
				22D9230624A20F1B00314ECB /* Bundle-Decodable.swift in Sources */,
				22C3143D249FB9DB00318924 /* ContentView.swift in Sources */,
				22D9230424A20DD300314ECB /* Astronaut.swift in Sources */,
			);
			runOnlyForDeploymentPostprocessing = 0;
		};
/* End PBXSourcesBuildPhase section */

/* Begin PBXVariantGroup section */
		22C31443249FB9DE00318924 /* LaunchScreen.storyboard */ = {
			isa = PBXVariantGroup;
			children = (
				22C31444249FB9DE00318924 /* Base */,
			);
			name = LaunchScreen.storyboard;
			sourceTree = "<group>";
		};
/* End PBXVariantGroup section */

/* Begin XCBuildConfiguration section */
		22C31447249FB9DE00318924 /* Debug */ = {
			isa = XCBuildConfiguration;
			buildSettings = {
				ALWAYS_SEARCH_USER_PATHS = NO;
				CLANG_ANALYZER_NONNULL = YES;
				CLANG_ANALYZER_NUMBER_OBJECT_CONVERSION = YES_AGGRESSIVE;
				CLANG_CXX_LANGUAGE_STANDARD = "gnu++14";
				CLANG_CXX_LIBRARY = "libc++";
				CLANG_ENABLE_MODULES = YES;
				CLANG_ENABLE_OBJC_ARC = YES;
				CLANG_ENABLE_OBJC_WEAK = YES;
				CLANG_WARN_BLOCK_CAPTURE_AUTORELEASING = YES;
				CLANG_WARN_BOOL_CONVERSION = YES;
				CLANG_WARN_COMMA = YES;
				CLANG_WARN_CONSTANT_CONVERSION = YES;
				CLANG_WARN_DEPRECATED_OBJC_IMPLEMENTATIONS = YES;
				CLANG_WARN_DIRECT_OBJC_ISA_USAGE = YES_ERROR;
				CLANG_WARN_DOCUMENTATION_COMMENTS = YES;
				CLANG_WARN_EMPTY_BODY = YES;
				CLANG_WARN_ENUM_CONVERSION = YES;
				CLANG_WARN_INFINITE_RECURSION = YES;
				CLANG_WARN_INT_CONVERSION = YES;
				CLANG_WARN_NON_LITERAL_NULL_CONVERSION = YES;
				CLANG_WARN_OBJC_IMPLICIT_RETAIN_SELF = YES;
				CLANG_WARN_OBJC_LITERAL_CONVERSION = YES;
				CLANG_WARN_OBJC_ROOT_CLASS = YES_ERROR;
				CLANG_WARN_RANGE_LOOP_ANALYSIS = YES;
				CLANG_WARN_STRICT_PROTOTYPES = YES;
				CLANG_WARN_SUSPICIOUS_MOVE = YES;
				CLANG_WARN_UNGUARDED_AVAILABILITY = YES_AGGRESSIVE;
				CLANG_WARN_UNREACHABLE_CODE = YES;
				CLANG_WARN__DUPLICATE_METHOD_MATCH = YES;
				COPY_PHASE_STRIP = NO;
				DEBUG_INFORMATION_FORMAT = dwarf;
				ENABLE_STRICT_OBJC_MSGSEND = YES;
				ENABLE_TESTABILITY = YES;
				GCC_C_LANGUAGE_STANDARD = gnu11;
				GCC_DYNAMIC_NO_PIC = NO;
				GCC_NO_COMMON_BLOCKS = YES;
				GCC_OPTIMIZATION_LEVEL = 0;
				GCC_PREPROCESSOR_DEFINITIONS = (
					"DEBUG=1",
					"$(inherited)",
				);
				GCC_WARN_64_TO_32_BIT_CONVERSION = YES;
				GCC_WARN_ABOUT_RETURN_TYPE = YES_ERROR;
				GCC_WARN_UNDECLARED_SELECTOR = YES;
				GCC_WARN_UNINITIALIZED_AUTOS = YES_AGGRESSIVE;
				GCC_WARN_UNUSED_FUNCTION = YES;
				GCC_WARN_UNUSED_VARIABLE = YES;
				IPHONEOS_DEPLOYMENT_TARGET = 13.4;
				MTL_ENABLE_DEBUG_INFO = INCLUDE_SOURCE;
				MTL_FAST_MATH = YES;
				ONLY_ACTIVE_ARCH = YES;
				SDKROOT = iphoneos;
				SWIFT_ACTIVE_COMPILATION_CONDITIONS = DEBUG;
				SWIFT_OPTIMIZATION_LEVEL = "-Onone";
			};
			name = Debug;
		};
		22C31448249FB9DE00318924 /* Release */ = {
			isa = XCBuildConfiguration;
			buildSettings = {
				ALWAYS_SEARCH_USER_PATHS = NO;
				CLANG_ANALYZER_NONNULL = YES;
				CLANG_ANALYZER_NUMBER_OBJECT_CONVERSION = YES_AGGRESSIVE;
				CLANG_CXX_LANGUAGE_STANDARD = "gnu++14";
				CLANG_CXX_LIBRARY = "libc++";
				CLANG_ENABLE_MODULES = YES;
				CLANG_ENABLE_OBJC_ARC = YES;
				CLANG_ENABLE_OBJC_WEAK = YES;
				CLANG_WARN_BLOCK_CAPTURE_AUTORELEASING = YES;
				CLANG_WARN_BOOL_CONVERSION = YES;
				CLANG_WARN_COMMA = YES;
				CLANG_WARN_CONSTANT_CONVERSION = YES;
				CLANG_WARN_DEPRECATED_OBJC_IMPLEMENTATIONS = YES;
				CLANG_WARN_DIRECT_OBJC_ISA_USAGE = YES_ERROR;
				CLANG_WARN_DOCUMENTATION_COMMENTS = YES;
				CLANG_WARN_EMPTY_BODY = YES;
				CLANG_WARN_ENUM_CONVERSION = YES;
				CLANG_WARN_INFINITE_RECURSION = YES;
				CLANG_WARN_INT_CONVERSION = YES;
				CLANG_WARN_NON_LITERAL_NULL_CONVERSION = YES;
				CLANG_WARN_OBJC_IMPLICIT_RETAIN_SELF = YES;
				CLANG_WARN_OBJC_LITERAL_CONVERSION = YES;
				CLANG_WARN_OBJC_ROOT_CLASS = YES_ERROR;
				CLANG_WARN_RANGE_LOOP_ANALYSIS = YES;
				CLANG_WARN_STRICT_PROTOTYPES = YES;
				CLANG_WARN_SUSPICIOUS_MOVE = YES;
				CLANG_WARN_UNGUARDED_AVAILABILITY = YES_AGGRESSIVE;
				CLANG_WARN_UNREACHABLE_CODE = YES;
				CLANG_WARN__DUPLICATE_METHOD_MATCH = YES;
				COPY_PHASE_STRIP = NO;
				DEBUG_INFORMATION_FORMAT = "dwarf-with-dsym";
				ENABLE_NS_ASSERTIONS = NO;
				ENABLE_STRICT_OBJC_MSGSEND = YES;
				GCC_C_LANGUAGE_STANDARD = gnu11;
				GCC_NO_COMMON_BLOCKS = YES;
				GCC_WARN_64_TO_32_BIT_CONVERSION = YES;
				GCC_WARN_ABOUT_RETURN_TYPE = YES_ERROR;
				GCC_WARN_UNDECLARED_SELECTOR = YES;
				GCC_WARN_UNINITIALIZED_AUTOS = YES_AGGRESSIVE;
				GCC_WARN_UNUSED_FUNCTION = YES;
				GCC_WARN_UNUSED_VARIABLE = YES;
				IPHONEOS_DEPLOYMENT_TARGET = 13.4;
				MTL_ENABLE_DEBUG_INFO = NO;
				MTL_FAST_MATH = YES;
				SDKROOT = iphoneos;
				SWIFT_COMPILATION_MODE = wholemodule;
				SWIFT_OPTIMIZATION_LEVEL = "-O";
				VALIDATE_PRODUCT = YES;
			};
			name = Release;
		};
		22C3144A249FB9DE00318924 /* Debug */ = {
			isa = XCBuildConfiguration;
			buildSettings = {
				ASSETCATALOG_COMPILER_APPICON_NAME = AppIcon;
				CODE_SIGN_STYLE = Automatic;
				DEVELOPMENT_ASSET_PATHS = "\"Moonshot_2/Preview Content\"";
				ENABLE_PREVIEWS = YES;
				INFOPLIST_FILE = Moonshot_2/Info.plist;
				LD_RUNPATH_SEARCH_PATHS = (
					"$(inherited)",
					"@executable_path/Frameworks",
				);
				PRODUCT_BUNDLE_IDENTIFIER = "com.subha.Moonshot-2";
				PRODUCT_NAME = "$(TARGET_NAME)";
				SWIFT_VERSION = 5.0;
				TARGETED_DEVICE_FAMILY = "1,2";
			};
			name = Debug;
		};
		22C3144B249FB9DE00318924 /* Release */ = {
			isa = XCBuildConfiguration;
			buildSettings = {
				ASSETCATALOG_COMPILER_APPICON_NAME = AppIcon;
				CODE_SIGN_STYLE = Automatic;
				DEVELOPMENT_ASSET_PATHS = "\"Moonshot_2/Preview Content\"";
				ENABLE_PREVIEWS = YES;
				INFOPLIST_FILE = Moonshot_2/Info.plist;
				LD_RUNPATH_SEARCH_PATHS = (
					"$(inherited)",
					"@executable_path/Frameworks",
				);
				PRODUCT_BUNDLE_IDENTIFIER = "com.subha.Moonshot-2";
				PRODUCT_NAME = "$(TARGET_NAME)";
				SWIFT_VERSION = 5.0;
				TARGETED_DEVICE_FAMILY = "1,2";
			};
			name = Release;
		};
/* End XCBuildConfiguration section */

/* Begin XCConfigurationList section */
		22C31430249FB9DA00318924 /* Build configuration list for PBXProject "Moonshot_2" */ = {
			isa = XCConfigurationList;
			buildConfigurations = (
				22C31447249FB9DE00318924 /* Debug */,
				22C31448249FB9DE00318924 /* Release */,
			);
			defaultConfigurationIsVisible = 0;
			defaultConfigurationName = Release;
		};
		22C31449249FB9DE00318924 /* Build configuration list for PBXNativeTarget "Moonshot_2" */ = {
			isa = XCConfigurationList;
			buildConfigurations = (
				22C3144A249FB9DE00318924 /* Debug */,
				22C3144B249FB9DE00318924 /* Release */,
			);
			defaultConfigurationIsVisible = 0;
			defaultConfigurationName = Release;
		};
/* End XCConfigurationList section */
	};
	rootObject = 22C3142D249FB9DA00318924 /* Project object */;
}
